
Microsoft Visual Studio Solution File, Format Version 12.00
# Visual Studio 15
VisualStudioVersion = 15.0.28307.1321
MinimumVisualStudioVersion = 10.0.40219.1
Project("{8BC9CEB8-8B4A-11D0-8D11-00A0C91BC942}") = "Lucky_ticket", "Lucky_ticket\Lucky_ticket.vcxproj", "{4AFB3780-4125-45D0-AF7F-31F26830DFAF}"
EndProject
Global
	GlobalSection(SolutionConfigurationPlatforms) = preSolution
		Debug|x64 = Debug|x64
		Debug|x86 = Debug|x86
		Release|x64 = Release|x64
		Release|x86 = Release|x86
	EndGlobalSection
	GlobalSection(ProjectConfigurationPlatforms) = postSolution
		{4AFB3780-4125-45D0-AF7F-31F26830DFAF}.Debug|x64.ActiveCfg = Debug|x64
		{4AFB3780-4125-45D0-AF7F-31F26830DFAF}.Debug|x64.Build.0 = Debug|x64
		{4AFB3780-4125-45D0-AF7F-31F26830DFAF}.Debug|x86.ActiveCfg = Debug|Win32
		{4AFB3780-4125-45D0-AF7F-31F26830DFAF}.Debug|x86.Build.0 = Debug|Win32
		{4AFB3780-4125-45D0-AF7F-31F26830DFAF}.Release|x64.ActiveCfg = Release|x64
		{4AFB3780-4125-45D0-AF7F-31F26830DFAF}.Release|x64.Build.0 = Release|x64
		{4AFB3780-4125-45D0-AF7F-31F26830DFAF}.Release|x86.ActiveCfg = Release|Win32
		{4AFB3780-4125-45D0-AF7F-31F26830DFAF}.Release|x86.Build.0 = Release|Win32
	EndGlobalSection
	GlobalSection(SolutionProperties) = preSolution
		HideSolutionNode = FALSE
	EndGlobalSection
	GlobalSection(ExtensibilityGlobals) = postSolution
		SolutionGuid = {C48839C0-1CEF-4156-BB76-145804E38B38}
	EndGlobalSection
EndGlobal
